
Microsoft Visual Studio Solution File, Format Version 12.00
# Visual Studio Version 17
VisualStudioVersion = 17.8.34322.80
MinimumVisualStudioVersion = 10.0.40219.1
Project("{FAE04EC0-301F-11D3-BF4B-00C04F79EFBC}") = "Pizza Resturant Bridge Design Pattern", "Pizza Resturant Bridge Design Pattern\Pizza Resturant Bridge Design Pattern.csproj", "{BCBB27E7-509A-4F2F-93D0-A8751CE4AC7A}"
EndProject
Global
	GlobalSection(SolutionConfigurationPlatforms) = preSolution
		Debug|Any CPU = Debug|Any CPU
		Release|Any CPU = Release|Any CPU
	EndGlobalSection
	GlobalSection(ProjectConfigurationPlatforms) = postSolution
		{BCBB27E7-509A-4F2F-93D0-A8751CE4AC7A}.Debug|Any CPU.ActiveCfg = Debug|Any CPU
		{BCBB27E7-509A-4F2F-93D0-A8751CE4AC7A}.Debug|Any CPU.Build.0 = Debug|Any CPU
		{BCBB27E7-509A-4F2F-93D0-A8751CE4AC7A}.Release|Any CPU.ActiveCfg = Release|Any CPU
		{BCBB27E7-509A-4F2F-93D0-A8751CE4AC7A}.Release|Any CPU.Build.0 = Release|Any CPU
	EndGlobalSection
	GlobalSection(SolutionProperties) = preSolution
		HideSolutionNode = FALSE
	EndGlobalSection
	GlobalSection(ExtensibilityGlobals) = postSolution
		SolutionGuid = {5D00F3F9-4AEB-475A-8FFB-4BF9E6316550}
	EndGlobalSection
EndGlobal
